// This lockfile was autogenerated by Pants. To regenerate, run:
//
//    pants generate-lockfiles --resolve=mnist
//
// --- BEGIN PANTS LOCKFILE METADATA: DO NOT EDIT OR REMOVE ---
// {
//   "version": 3,
//   "valid_for_interpreter_constraints": [
//     "CPython==3.9.*"
//   ],
//   "generated_with_requirements": [
//     "torch==1.9.0",
//     "torchvision==0.10.0"
//   ],
//   "manylinux": "manylinux2014",
//   "requirement_constraints": [],
//   "only_binary": [],
//   "no_binary": []
// }
// --- END PANTS LOCKFILE METADATA ---

{
  "allow_builds": true,
  "allow_prereleases": false,
  "allow_wheels": true,
  "build_isolation": true,
  "constraints": [],
  "locked_resolves": [
    {
      "locked_requirements": [
        {
          "artifacts": [
            {
              "algorithm": "sha256",
              "hash": "210461d87fb02a84ef243cac5e814aad2b7f4be953b32cb53327bb49fd77fbb4",
              "url": "https://files.pythonhosted.org/packages/83/be/de078ac5e4ff572b1bdac1808b77cea2013b2c6286282f89b1de3e951273/numpy-1.24.3-cp39-cp39-manylinux_2_17_x86_64.manylinux2014_x86_64.whl"
            },
            {
              "algorithm": "sha256",
              "hash": "4719d5aefb5189f50887773699eaf94e7d1e02bf36c1a9d353d9f46703758ca4",
              "url": "https://files.pythonhosted.org/packages/0d/43/643629a4a278b4815541c7d69856c07ddb0e99bdc62b43538d3751eae2d8/numpy-1.24.3-cp39-cp39-macosx_10_9_x86_64.whl"
            },
            {
              "algorithm": "sha256",
              "hash": "ab344f1bf21f140adab8e47fdbc7c35a477dc01408791f8ba00d018dd0bc5155",
              "url": "https://files.pythonhosted.org/packages/2c/d4/590ae7df5044465cc9fa2db152ae12468694d62d952b1528ecff328ef7fc/numpy-1.24.3.tar.gz"
            },
            {
              "algorithm": "sha256",
              "hash": "0ec87a7084caa559c36e0a2309e4ecb1baa03b687201d0a847c8b0ed476a7187",
              "url": "https://files.pythonhosted.org/packages/54/41/fb17c1d48a574c50422ff3f1b17ed979b755adc6ed291c4a44a76e226c67/numpy-1.24.3-cp39-cp39-macosx_11_0_arm64.whl"
            },
            {
              "algorithm": "sha256",
              "hash": "ea8282b9bcfe2b5e7d491d0bf7f3e2da29700cec05b49e64d6246923329f2b02",
              "url": "https://files.pythonhosted.org/packages/96/92/2a8c1356e226311cf885e04eff576df8c357b2626c47c9283024bc24e01e/numpy-1.24.3-cp39-cp39-manylinux_2_17_aarch64.manylinux2014_aarch64.whl"
            }
          ],
          "project_name": "numpy",
          "requires_dists": [],
          "requires_python": ">=3.8",
          "version": "1.24.3"
        },
        {
          "artifacts": [
            {
              "algorithm": "sha256",
              "hash": "84a6f19ce086c1bf894644b43cd129702f781ba5751ca8572f08aa40ef0ab7b7",
              "url": "https://files.pythonhosted.org/packages/51/d2/c10f72c44e000d08e41f822083cf322bb59afa7ed01ae7e3e47875b47600/Pillow-9.5.0-pp39-pypy39_pp73-manylinux_2_28_x86_64.whl"
            },
            {
              "algorithm": "sha256",
              "hash": "bf548479d336726d7a0eceb6e767e179fbde37833ae42794602631a070d630f1",
              "url": "https://files.pythonhosted.org/packages/00/d5/4903f310765e0ff2b8e91ffe55031ac6af77d982f0156061e20a4d1a8b2d/Pillow-9.5.0.tar.gz"
            },
            {
              "algorithm": "sha256",
              "hash": "c380b27d041209b849ed246b111b7c166ba36d7933ec6e41175fd15ab9eb1572",
              "url": "https://files.pythonhosted.org/packages/24/35/92032a00f41bea9bf93f19d48f15daac27d1365c0038fe22dc4e7fc7c8b0/Pillow-9.5.0-pp39-pypy39_pp73-macosx_10_10_x86_64.whl"
            },
            {
              "algorithm": "sha256",
              "hash": "489f8389261e5ed43ac8ff7b453162af39c3e8abd730af8363587ba64bb2e865",
              "url": "https://files.pythonhosted.org/packages/28/a2/f2d0d584d45100a5419fd70a1233ade8f12469ffe6e8e3acd40364beaadb/Pillow-9.5.0-cp39-cp39-musllinux_1_1_x86_64.whl"
            },
            {
              "algorithm": "sha256",
              "hash": "07999f5834bdc404c442146942a2ecadd1cb6292f5229f4ed3b31e0a108746b1",
              "url": "https://files.pythonhosted.org/packages/3b/2b/57915b8af178e2c20bfd403ffed4521947881f9dbbfbaba48210dc59b9d7/Pillow-9.5.0-cp39-cp39-manylinux_2_28_x86_64.whl"
            },
            {
              "algorithm": "sha256",
              "hash": "7c9af5a3b406a50e313467e3565fc99929717f780164fe6fbb7704edba0cebbe",
              "url": "https://files.pythonhosted.org/packages/50/ce/d39869c22904558ce32e664904cf72f13a9d47703b72392e881d9e7b6082/Pillow-9.5.0-pp39-pypy39_pp73-manylinux_2_17_i686.manylinux2014_i686.whl"
            },
            {
              "algorithm": "sha256",
              "hash": "482877592e927fd263028c105b36272398e3e1be3269efda09f6ba21fd83ec66",
              "url": "https://files.pythonhosted.org/packages/64/46/672289c0ff87733fb93854dedf3a8d65642a25c0bfc88e7f6d722f9161a5/Pillow-9.5.0-cp39-cp39-macosx_10_10_x86_64.whl"
            },
            {
              "algorithm": "sha256",
              "hash": "5671583eab84af046a397d6d0ba25343c00cd50bce03787948e0fff01d4fd9b1",
              "url": "https://files.pythonhosted.org/packages/7a/75/4a382d1567efc6f4e3054f693167f8ce2d1ad939c5f6f12aa5c50f74b997/Pillow-9.5.0-pp39-pypy39_pp73-manylinux_2_17_x86_64.manylinux2014_x86_64.whl"
            },
            {
              "algorithm": "sha256",
              "hash": "c446d2245ba29820d405315083d55299a796695d747efceb5717a8b450324115",
              "url": "https://files.pythonhosted.org/packages/95/62/8a943681db5f6588498ed86aa1568dd31c63f6afdabe50841589fc662c68/Pillow-9.5.0-cp39-cp39-manylinux_2_17_aarch64.manylinux2014_aarch64.whl"
            },
            {
              "algorithm": "sha256",
              "hash": "3ded42b9ad70e5f1754fb7c2e2d6465a9c842e41d178f262e08b8c85ed8a1d8e",
              "url": "https://files.pythonhosted.org/packages/a9/70/9259e93534d01f846f7d0501f19bb7d8cc1751741bc20826fc8d3a20fe32/Pillow-9.5.0-cp39-cp39-macosx_11_0_arm64.whl"
            },
            {
              "algorithm": "sha256",
              "hash": "60037a8db8750e474af7ffc9faa9b5859e6c6d0a50e55c45576bf28be7419705",
              "url": "https://files.pythonhosted.org/packages/af/b7/f9faf80e3c93b02712c5748f10c75a8948e74eca61ec2408f7e1d4c9dd16/Pillow-9.5.0-cp39-cp39-manylinux_2_28_aarch64.whl"
            },
            {
              "algorithm": "sha256",
              "hash": "a127ae76092974abfbfa38ca2d12cbeddcdeac0fb71f9627cc1135bedaf9d51a",
              "url": "https://files.pythonhosted.org/packages/e7/2a/f3ed578595f8486ee2cc07434460097d89aedd406a3db849b890ca8ec416/Pillow-9.5.0-cp39-cp39-musllinux_1_1_aarch64.whl"
            },
            {
              "algorithm": "sha256",
              "hash": "8aca1152d93dcc27dc55395604dcfc55bed5f25ef4c98716a928bacba90d33a3",
              "url": "https://files.pythonhosted.org/packages/f2/43/0892913d499c8df2c88dee69d59e77de19e0c51754a9be82023880641c09/Pillow-9.5.0-cp39-cp39-manylinux_2_17_i686.manylinux2014_i686.whl"
            },
            {
              "algorithm": "sha256",
              "hash": "608488bdcbdb4ba7837461442b90ea6f3079397ddc968c31265c1e056964f1ef",
              "url": "https://files.pythonhosted.org/packages/ff/fc/48a51c0fe2a00d5def57b9981a1e0f8339b516351da7a51500383d833bc8/Pillow-9.5.0-cp39-cp39-manylinux_2_17_x86_64.manylinux2014_x86_64.whl"
            }
          ],
          "project_name": "pillow",
          "requires_dists": [
            "check-manifest; extra == \"tests\"",
            "coverage; extra == \"tests\"",
            "defusedxml; extra == \"tests\"",
            "furo; extra == \"docs\"",
            "markdown2; extra == \"tests\"",
            "olefile; extra == \"docs\"",
            "olefile; extra == \"tests\"",
            "packaging; extra == \"tests\"",
            "pyroma; extra == \"tests\"",
            "pytest-cov; extra == \"tests\"",
            "pytest-timeout; extra == \"tests\"",
            "pytest; extra == \"tests\"",
            "sphinx-copybutton; extra == \"docs\"",
            "sphinx-inline-tabs; extra == \"docs\"",
            "sphinx-removed-in; extra == \"docs\"",
            "sphinx>=2.4; extra == \"docs\"",
            "sphinxext-opengraph; extra == \"docs\""
          ],
          "requires_python": ">=3.7",
          "version": "9.5.0"
        },
        {
          "artifacts": [
            {
              "algorithm": "sha256",
              "hash": "569ead6ae6bb0e636df0fc8af660ef03260e630dc5f2f4cf3198027e7b6bb481",
              "url": "https://files.pythonhosted.org/packages/0d/e4/8e37e9675dc11ac1a01227e94a1aecef75427102273ba500fe60a93d54a4/torch-1.9.0-cp39-none-macosx_11_0_arm64.whl"
            },
            {
              "algorithm": "sha256",
              "hash": "0a9e74b5057463ce4e55d9332a5670993fc9e1299c52e1740e505eda106fb355",
              "url": "https://files.pythonhosted.org/packages/0c/e9/6ca380d925b3a834f0cb1cac75e4bb53c74a6170bb9b6ec40315501cbdfa/torch-1.9.0-cp39-none-macosx_10_9_x86_64.whl"
            },
            {
              "algorithm": "sha256",
              "hash": "95eeec3a6c42fd35aca552777b7d9979ed489760423de97c0118a45e849a61f4",
              "url": "https://files.pythonhosted.org/packages/18/dc/364619ec35762f0fda9b1ac5bc73e4372a0e451f15e38ef601d3ef006a17/torch-1.9.0-cp39-cp39-manylinux1_x86_64.whl"
            },
            {
              "algorithm": "sha256",
              "hash": "8a2b2012b3c7d6019e189496688fa77de7029a220840b406d8302d1c8021a11c",
              "url": "https://files.pythonhosted.org/packages/82/10/8bdc31700920d8ebb237993b9809eee0714fc01506b70ddbef577a886fdf/torch-1.9.0-cp39-cp39-manylinux2014_aarch64.whl"
            }
          ],
          "project_name": "torch",
          "requires_dists": [
            "dataclasses; python_version < \"3.7\"",
            "typing-extensions"
          ],
          "requires_python": ">=3.6.2",
          "version": "1.9.0"
        },
        {
          "artifacts": [
            {
              "algorithm": "sha256",
              "hash": "a30466893a5b97073c992859f3645e3e1f41daf2c1b4db6cb2ac8ec7d0e1f6bc",
              "url": "https://files.pythonhosted.org/packages/88/92/c00de7e23b1b2878cd175abb63ec8c2189761a076be0d9c15e6be98cd451/torchvision-0.10.0-cp39-cp39-manylinux2014_aarch64.whl"
            },
            {
              "algorithm": "sha256",
              "hash": "20a57ce42fa20c26d800c65d5b88dbaaa115a01f4f5623d41abfb182b854f199",
              "url": "https://files.pythonhosted.org/packages/00/03/88edb6f9f7f17ce264a01209ac550878713a66a99d9d8e25747b15d6aadb/torchvision-0.10.0-cp39-cp39-manylinux1_x86_64.whl"
            },
            {
              "algorithm": "sha256",
              "hash": "f68291559a4cf1245c95efc5e47ebe158819aceec4e1f585d2fe133cd2c9d8e8",
              "url": "https://files.pythonhosted.org/packages/76/e6/7be72bbc5fa95a3c5f9690576bed1de45570f5f550a869bb19772f82d4c5/torchvision-0.10.0-cp39-cp39-macosx_10_9_x86_64.whl"
            },
            {
              "algorithm": "sha256",
              "hash": "ae9606cc248de9b3a077710529b11c57315d2914c8ee3099fbd93a62f56a1661",
              "url": "https://files.pythonhosted.org/packages/7c/79/46d770d340a5e57b711745e3cf4f11e9478c411ea33bf8bccf3d6b3fde9b/torchvision-0.10.0-cp39-cp39-macosx_11_0_arm64.whl"
            }
          ],
          "project_name": "torchvision",
          "requires_dists": [
            "numpy",
            "pillow>=5.3.0",
            "scipy; extra == \"scipy\"",
            "torch"
          ],
          "requires_python": null,
          "version": "0.10.0"
        },
        {
          "artifacts": [
            {
              "algorithm": "sha256",
              "hash": "88a4153d8505aabbb4e13aacb7c486c2b4a33ca3b3f807914a9b4c844c471c26",
              "url": "https://files.pythonhosted.org/packages/5f/86/d9b1518d8e75b346a33eb59fa31bdbbee11459a7e2cc5be502fa779e96c5/typing_extensions-4.6.3-py3-none-any.whl"
            },
            {
              "algorithm": "sha256",
              "hash": "d91d5919357fe7f681a9f2b5b4cb2a5f1ef0a1e9f59c4d8ff0d3491e05c0ffd5",
              "url": "https://files.pythonhosted.org/packages/42/56/cfaa7a5281734dadc842f3a22e50447c675a1c5a5b9f6ad8a07b467bffe7/typing_extensions-4.6.3.tar.gz"
            }
          ],
          "project_name": "typing-extensions",
          "requires_dists": [],
          "requires_python": ">=3.7",
          "version": "4.6.3"
        }
      ],
      "platform_tag": null
    }
  ],
  "path_mappings": {},
  "pex_version": "2.1.111",
  "pip_version": "20.3.4-patched",
  "prefer_older_binary": false,
  "requirements": [
    "torch==1.9.0",
    "torchvision==0.10.0"
  ],
  "requires_python": [
    "==3.9.*"
  ],
  "resolver_version": "pip-2020-resolver",
  "style": "universal",
  "target_systems": [
    "linux",
    "mac"
  ],
  "transitive": true,
  "use_pep517": null
}
